
Microsoft Visual Studio Solution File, Format Version 12.00
# Visual Studio Version 16
VisualStudioVersion = 16.0.29403.142
MinimumVisualStudioVersion = 10.0.40219.1
Project("{FAE04EC0-301F-11D3-BF4B-00C04F79EFBC}") = "Zadanie optymalizacyjne", "Zadanie optymalizacyjne\Zadanie optymalizacyjne.csproj", "{D91238A6-071D-48FD-AD87-DF28CAFE7090}"
EndProject
Global
	GlobalSection(SolutionConfigurationPlatforms) = preSolution
		Debug|Any CPU = Debug|Any CPU
		Release|Any CPU = Release|Any CPU
	EndGlobalSection
	GlobalSection(ProjectConfigurationPlatforms) = postSolution
		{D91238A6-071D-48FD-AD87-DF28CAFE7090}.Debug|Any CPU.ActiveCfg = Debug|Any CPU
		{D91238A6-071D-48FD-AD87-DF28CAFE7090}.Debug|Any CPU.Build.0 = Debug|Any CPU
		{D91238A6-071D-48FD-AD87-DF28CAFE7090}.Release|Any CPU.ActiveCfg = Release|Any CPU
		{D91238A6-071D-48FD-AD87-DF28CAFE7090}.Release|Any CPU.Build.0 = Release|Any CPU
	EndGlobalSection
	GlobalSection(SolutionProperties) = preSolution
		HideSolutionNode = FALSE
	EndGlobalSection
	GlobalSection(ExtensibilityGlobals) = postSolution
		SolutionGuid = {6D7C8AE6-FE07-4360-B1E3-183829F67BF7}
	EndGlobalSection
EndGlobal
