
Microsoft Visual Studio Solution File, Format Version 12.00
# Visual Studio Version 16
VisualStudioVersion = 16.0.29403.142
MinimumVisualStudioVersion = 10.0.40219.1
Project("{FAE04EC0-301F-11D3-BF4B-00C04F79EFBC}") = "OR-Tools KBanach", "OR-Tools KBanach\OR-Tools KBanach.csproj", "{FEE898A0-DA41-4250-82FE-F8F543E542C2}"
EndProject
Global
	GlobalSection(SolutionConfigurationPlatforms) = preSolution
		Debug|Any CPU = Debug|Any CPU
		Release|Any CPU = Release|Any CPU
	EndGlobalSection
	GlobalSection(ProjectConfigurationPlatforms) = postSolution
		{FEE898A0-DA41-4250-82FE-F8F543E542C2}.Debug|Any CPU.ActiveCfg = Debug|Any CPU
		{FEE898A0-DA41-4250-82FE-F8F543E542C2}.Debug|Any CPU.Build.0 = Debug|Any CPU
		{FEE898A0-DA41-4250-82FE-F8F543E542C2}.Release|Any CPU.ActiveCfg = Release|Any CPU
		{FEE898A0-DA41-4250-82FE-F8F543E542C2}.Release|Any CPU.Build.0 = Release|Any CPU
	EndGlobalSection
	GlobalSection(SolutionProperties) = preSolution
		HideSolutionNode = FALSE
	EndGlobalSection
	GlobalSection(ExtensibilityGlobals) = postSolution
		SolutionGuid = {B91ABE1E-3212-476A-B7C5-788A37C73DC8}
	EndGlobalSection
EndGlobal
